version: 6
environments:
  default:
    channels:
    - url: https://conda.anaconda.org/conda-forge/
    options:
      pypi-prerelease-mode: if-necessary-or-explicit
    packages:
      linux-64:
      - conda: https://conda.anaconda.org/conda-forge/linux-64/_openmp_mutex-4.5-20_gnu.conda
      - conda: https://conda.anaconda.org/conda-forge/linux-64/binutils_impl_linux-64-2.45.1-default_hfdba357_101.conda
      - conda: https://conda.anaconda.org/conda-forge/linux-64/clang-17-17.0.6-default_hb5137d0_8.conda
      - conda: https://conda.anaconda.org/conda-forge/linux-64/clang-17.0.6-default_h9e3a008_8.conda
      - conda: https://conda.anaconda.org/conda-forge/linux-64/clang-format-21-21.1.0-default_h99862b1_1.conda
      - conda: https://conda.anaconda.org/conda-forge/linux-64/clang-format-21.1.0-default_h99862b1_1.conda
      - conda: https://conda.anaconda.org/conda-forge/linux-64/icu-75.1-he02047a_0.conda
      - conda: https://conda.anaconda.org/conda-forge/noarch/kernel-headers_linux-64-4.18.0-he073ed8_9.conda
      - conda: https://conda.anaconda.org/conda-forge/linux-64/ld_impl_linux-64-2.45.1-default_hbd61a6d_101.conda
      - conda: https://conda.anaconda.org/conda-forge/linux-64/libclang-cpp17-17.0.6-default_hb5137d0_8.conda
      - conda: https://conda.anaconda.org/conda-forge/linux-64/libclang-cpp21.1-21.1.0-default_h99862b1_1.conda
      - conda: https://conda.anaconda.org/conda-forge/linux-64/libgcc-15.2.0-he0feb66_18.conda
      - conda: https://conda.anaconda.org/conda-forge/noarch/libgcc-devel_linux-64-15.2.0-hcc6f6b0_118.conda
      - conda: https://conda.anaconda.org/conda-forge/linux-64/libgcc-ng-15.2.0-h69a702a_18.conda
      - conda: https://conda.anaconda.org/conda-forge/linux-64/libgomp-15.2.0-he0feb66_18.conda
      - conda: https://conda.anaconda.org/conda-forge/linux-64/libiconv-1.18-h3b78370_2.conda
      - conda: https://conda.anaconda.org/conda-forge/linux-64/libllvm17-17.0.6-ha7bfdaf_3.conda
      - conda: https://conda.anaconda.org/conda-forge/linux-64/libllvm21-21.1.0-hecd9e04_0.conda
      - conda: https://conda.anaconda.org/conda-forge/linux-64/liblzma-5.8.2-hb03c661_0.conda
      - conda: https://conda.anaconda.org/conda-forge/linux-64/libstdcxx-15.2.0-h934c35e_18.conda
      - conda: https://conda.anaconda.org/conda-forge/linux-64/libstdcxx-ng-15.2.0-hdf11a46_18.conda
      - conda: https://conda.anaconda.org/conda-forge/linux-64/libxml2-2.13.9-h04c0eec_0.conda
      - conda: https://conda.anaconda.org/conda-forge/linux-64/libzlib-1.3.1-hb9d3cd8_2.conda
      - conda: https://conda.anaconda.org/conda-forge/noarch/sysroot_linux-64-2.28-h4ee821c_9.conda
      - conda: https://conda.anaconda.org/conda-forge/noarch/tzdata-2025c-hc9c84f9_1.conda
      - conda: https://conda.anaconda.org/conda-forge/linux-64/zstd-1.5.7-hb78ec9c_6.conda
      osx-arm64:
      - conda: https://conda.anaconda.org/conda-forge/osx-arm64/clang-17-17.0.6-default_hf90f093_8.conda
      - conda: https://conda.anaconda.org/conda-forge/osx-arm64/clang-17.0.6-default_h474c9e2_8.conda
      - conda: https://conda.anaconda.org/conda-forge/osx-arm64/clang-format-21-21.1.0-default_h73dfc95_1.conda
      - conda: https://conda.anaconda.org/conda-forge/osx-arm64/clang-format-21.1.0-default_h73dfc95_1.conda
      - conda: https://conda.anaconda.org/conda-forge/osx-arm64/libclang-cpp17-17.0.6-default_hf90f093_8.conda
      - conda: https://conda.anaconda.org/conda-forge/osx-arm64/libclang-cpp21.1-21.1.0-default_h73dfc95_1.conda
      - conda: https://conda.anaconda.org/conda-forge/osx-arm64/libcxx-22.1.0-h55c6f16_1.conda
      - conda: https://conda.anaconda.org/conda-forge/osx-arm64/libiconv-1.18-h23cfdf5_2.conda
      - conda: https://conda.anaconda.org/conda-forge/osx-arm64/libllvm17-17.0.6-hc4b4ae8_3.conda
      - conda: https://conda.anaconda.org/conda-forge/osx-arm64/libllvm21-21.1.0-h846d351_0.conda
      - conda: https://conda.anaconda.org/conda-forge/osx-arm64/liblzma-5.8.2-h8088a28_0.conda
      - conda: https://conda.anaconda.org/conda-forge/osx-arm64/libxml2-2.13.9-h226d0e7_0.conda
      - conda: https://conda.anaconda.org/conda-forge/osx-arm64/libzlib-1.3.1-h8359307_2.conda
      - conda: https://conda.anaconda.org/conda-forge/osx-arm64/zstd-1.5.7-hbf9d68e_6.conda
packages:
- conda: https://conda.anaconda.org/conda-forge/linux-64/_openmp_mutex-4.5-20_gnu.conda
  build_number: 20
  sha256: 1dd3fffd892081df9726d7eb7e0dea6198962ba775bd88842135a4ddb4deb3c9
  md5: a9f577daf3de00bca7c3c76c0ecbd1de
  depends:
  - __glibc >=2.17,<3.0.a0
  - libgomp >=7.5.0
  constrains:
  - openmp_impl <0.0a0
  license: BSD-3-Clause
  license_family: BSD
  size: 28948
  timestamp: 1770939786096
- conda: https://conda.anaconda.org/conda-forge/linux-64/binutils_impl_linux-64-2.45.1-default_hfdba357_101.conda
  sha256: 74341b26a2b9475dc14ba3cf12432fcd10a23af285101883e720216d81d44676
  md5: 83aa53cb3f5fc849851a84d777a60551
  depends:
  - ld_impl_linux-64 2.45.1 default_hbd61a6d_101
  - sysroot_linux-64
  - zstd >=1.5.7,<1.6.0a0
  license: GPL-3.0-only
  license_family: GPL
  size: 3744895
  timestamp: 1770267152681
- conda: https://conda.anaconda.org/conda-forge/linux-64/clang-17.0.6-default_h9e3a008_8.conda
  sha256: bd83bbfcece3d1437657580353ca702eaade6187608716987f9a452be87260da
  md5: 4e6b9a239741567f08d33cca170b10e7
  depends:
  - binutils_impl_linux-64
  - clang-17 17.0.6 default_hb5137d0_8
  - libgcc-devel_linux-64
  - sysroot_linux-64
  license: Apache-2.0 WITH LLVM-exception
  license_family: Apache
  size: 24279
  timestamp: 1738087876559
- conda: https://conda.anaconda.org/conda-forge/osx-arm64/clang-17.0.6-default_h474c9e2_8.conda
  sha256: 257291fa9480a93bc54a920485e358051cc56764cc22c88dda0d89d461c3f4ab
  md5: 9002ce14d7f3306b9e6c69959ab989d5
  depends:
  - clang-17 17.0.6 default_hf90f093_8
  license: Apache-2.0 WITH LLVM-exception
  license_family: Apache
  size: 24114
  timestamp: 1738083935833
- conda: https://conda.anaconda.org/conda-forge/linux-64/clang-17-17.0.6-default_hb5137d0_8.conda
  sha256: 4cd6ef921ab52ab27a189c9e2fead99473f74769c6fc0a837509618bb913e10d
  md5: 217c78d61e0a33950f7faa9059187531
  depends:
  - __glibc >=2.17,<3.0.a0
  - libclang-cpp17 17.0.6 default_hb5137d0_8
  - libgcc >=13
  - libllvm17 >=17.0.6,<17.1.0a0
  - libstdcxx >=13
  constrains:
  - llvm-tools 17.0.6
  - clangxx 17.0.6
  - clang-tools 17.0.6
  - clangdev 17.0.6
  license: Apache-2.0 WITH LLVM-exception
  license_family: Apache
  size: 730740
  timestamp: 1738087809456
- conda: https://conda.anaconda.org/conda-forge/osx-arm64/clang-17-17.0.6-default_hf90f093_8.conda
  sha256: 62b2a476c664a61120a5d854e0985a926b14029a3bc7b244fadbceed82445b89
  md5: e6fba411429a02c0518a5215d40c5ed4
  depends:
  - __osx >=11.0
  - libclang-cpp17 17.0.6 default_hf90f093_8
  - libcxx >=17.0.6
  - libllvm17 >=17.0.6,<17.1.0a0
  constrains:
  - clang-tools 17.0.6
  - llvm-tools 17.0.6
  - clangdev 17.0.6
  - clangxx 17.0.6
  license: Apache-2.0 WITH LLVM-exception
  license_family: Apache
  size: 717197
  timestamp: 1738083845861
- conda: https://conda.anaconda.org/conda-forge/linux-64/clang-format-21.1.0-default_h99862b1_1.conda
  sha256: b8f9111761e49d09f6138351b9ddcf22c9722cd415b632d5f818ee37d4cff5f7
  md5: e338135a864fd05ffe419e6200e68f2b
  depends:
  - __glibc >=2.17,<3.0.a0
  - clang-format-21 21.1.0 default_h99862b1_1
  - libclang-cpp21.1 >=21.1.0,<21.2.0a0
  - libgcc >=14
  - libllvm21 >=21.1.0,<21.2.0a0
  - libstdcxx >=14
  license: Apache-2.0 WITH LLVM-exception
  license_family: Apache
  size: 24665
  timestamp: 1757383552190
- conda: https://conda.anaconda.org/conda-forge/osx-arm64/clang-format-21.1.0-default_h73dfc95_1.conda
  sha256: d5c2e82005f7b1f8e95f04300517cff9c96259b44bed638a38563fd69b606b2d
  md5: 8e89d3f604d0ab7b34f548da0b324eae
  depends:
  - __osx >=11.0
  - clang-format-21 21.1.0 default_h73dfc95_1
  - libclang-cpp21.1 >=21.1.0,<21.2.0a0
  - libcxx >=21.1.0
  - libllvm21 >=21.1.0,<21.2.0a0
  license: Apache-2.0 WITH LLVM-exception
  license_family: Apache
  size: 24876
  timestamp: 1757384383413
- conda: https://conda.anaconda.org/conda-forge/linux-64/clang-format-21-21.1.0-default_h99862b1_1.conda
  sha256: 511b2aa5b0b1aa774036b1990e9e86f200ae5b96c159737ca08d8b3882f6b210
  md5: 41987b5824e20b1f6a532cdc2b88d56d
  depends:
  - __glibc >=2.17,<3.0.a0
  - libclang-cpp21.1 >=21.1.0,<21.2.0a0
  - libgcc >=14
  - libllvm21 >=21.1.0,<21.2.0a0
  - libstdcxx >=14
  license: Apache-2.0 WITH LLVM-exception
  license_family: Apache
  size: 67486
  timestamp: 1757383493919
- conda: https://conda.anaconda.org/conda-forge/osx-arm64/clang-format-21-21.1.0-default_h73dfc95_1.conda
  sha256: 5a48e2f3264a3c400ba19fd5c0ed1c1dc0d6f95dc7c27e1f9941eaa5d6118881
  md5: b7fc8dbc9283c1f10549426afd5cf36f
  depends:
  - __osx >=11.0
  - libclang-cpp21.1 >=21.1.0,<21.2.0a0
  - libcxx >=21.1.0
  - libllvm21 >=21.1.0,<21.2.0a0
  license: Apache-2.0 WITH LLVM-exception
  license_family: Apache
  size: 62033
  timestamp: 1757384264991
- conda: https://conda.anaconda.org/conda-forge/linux-64/icu-75.1-he02047a_0.conda
  sha256: 71e750d509f5fa3421087ba88ef9a7b9be11c53174af3aa4d06aff4c18b38e8e
  md5: 8b189310083baabfb622af68fd9d3ae3
  depends:
  - __glibc >=2.17,<3.0.a0
  - libgcc-ng >=12
  - libstdcxx-ng >=12
  license: MIT
  license_family: MIT
  size: 12129203
  timestamp: 1720853576813
- conda: https://conda.anaconda.org/conda-forge/noarch/kernel-headers_linux-64-4.18.0-he073ed8_9.conda
  sha256: 41557eeadf641de6aeae49486cef30d02a6912d8da98585d687894afd65b356a
  md5: 86d9cba083cd041bfbf242a01a7a1999
  constrains:
  - sysroot_linux-64 ==2.28
  license: LGPL-2.0-or-later AND LGPL-2.0-or-later WITH exceptions AND GPL-2.0-or-later
  license_family: GPL
  size: 1278712
  timestamp: 1765578681495
- conda: https://conda.anaconda.org/conda-forge/linux-64/ld_impl_linux-64-2.45.1-default_hbd61a6d_101.conda
  sha256: 565941ac1f8b0d2f2e8f02827cbca648f4d18cd461afc31f15604cd291b5c5f3
  md5: 12bd9a3f089ee6c9266a37dab82afabd
  depends:
  - __glibc >=2.17,<3.0.a0
  - zstd >=1.5.7,<1.6.0a0
  constrains:
  - binutils_impl_linux-64 2.45.1
  license: GPL-3.0-only
  license_family: GPL
  size: 725507
  timestamp: 1770267139900
- conda: https://conda.anaconda.org/conda-forge/linux-64/libclang-cpp17-17.0.6-default_hb5137d0_8.conda
  sha256: 02a1c8d525104a781af98e5590fa319d0d150ed5b2aa68f203286d9dee6bc196
  md5: 4865444acb3d32dd63d606f58e8f24f0
  depends:
  - __glibc >=2.17,<3.0.a0
  - libgcc >=13
  - libllvm17 >=17.0.6,<17.1.0a0
  - libstdcxx >=13
  license: Apache-2.0 WITH LLVM-exception
  license_family: Apache
  size: 18487417
  timestamp: 1738087655183
- conda: https://conda.anaconda.org/conda-forge/osx-arm64/libclang-cpp17-17.0.6-default_hf90f093_8.conda
  sha256: b4c51be4c16b5e4d250b5863f1e1db9eafb4b007d84e4e1e3785267febcfd388
  md5: 72b4d7dc789ea3fe3ee49e3ca7c5d971
  depends:
  - __osx >=11.0
  - libcxx >=17.0.6
  - libllvm17 >=17.0.6,<17.1.0a0
  license: Apache-2.0 WITH LLVM-exception
  license_family: Apache
  size: 12785300
  timestamp: 1738083576490
- conda: https://conda.anaconda.org/conda-forge/linux-64/libclang-cpp21.1-21.1.0-default_h99862b1_1.conda
  sha256: efe9f1363a49668d10aacdb8be650433fab659f05ed6cc2b9da00e3eb7eaf602
  md5: d599b346638b9216c1e8f9146713df05
  depends:
  - __glibc >=2.17,<3.0.a0
  - libgcc >=14
  - libllvm21 >=21.1.0,<21.2.0a0
  - libstdcxx >=14
  license: Apache-2.0 WITH LLVM-exception
  license_family: Apache
  size: 21131028
  timestamp: 1757383135034
- conda: https://conda.anaconda.org/conda-forge/osx-arm64/libclang-cpp21.1-21.1.0-default_h73dfc95_1.conda
  sha256: 60a367adf98e3b6ccf141febfbbddeda725a5f4f24c8fe1faf75e2f279dba304
  md5: ccf53d0ca53a44ca5cfa119eca71b4d1
  depends:
  - __osx >=11.0
  - libcxx >=21.1.0
  - libllvm21 >=21.1.0,<21.2.0a0
  license: Apache-2.0 WITH LLVM-exception
  license_family: Apache
  size: 13722969
  timestamp: 1757383480256
- conda: https://conda.anaconda.org/conda-forge/osx-arm64/libcxx-22.1.0-h55c6f16_1.conda
  sha256: ce1049fa6fda9cf08ff1c50fb39573b5b0ea6958375d8ea7ccd8456ab81a0bcb
  md5: e9c56daea841013e7774b5cd46f41564
  depends:
  - __osx >=11.0
  license: Apache-2.0 WITH LLVM-exception
  license_family: Apache
  size: 568910
  timestamp: 1772001095642
- conda: https://conda.anaconda.org/conda-forge/linux-64/libgcc-15.2.0-he0feb66_18.conda
  sha256: faf7d2017b4d718951e3a59d081eb09759152f93038479b768e3d612688f83f5
  md5: 0aa00f03f9e39fb9876085dee11a85d4
  depends:
  - __glibc >=2.17,<3.0.a0
  - _openmp_mutex >=4.5
  constrains:
  - libgcc-ng ==15.2.0=*_18
  - libgomp 15.2.0 he0feb66_18
  license: GPL-3.0-only WITH GCC-exception-3.1
  license_family: GPL
  size: 1041788
  timestamp: 1771378212382
- conda: https://conda.anaconda.org/conda-forge/noarch/libgcc-devel_linux-64-15.2.0-hcc6f6b0_118.conda
  sha256: af69fc5852908d26e5b630b270982ac792506551dd6af1614bf0370dd5ab5746
  md5: 5d3a96d55f1be45fef88ee23155effd9
  depends:
  - __unix
  license: GPL-3.0-only WITH GCC-exception-3.1
  license_family: GPL
  size: 3085932
  timestamp: 1771378098166
- conda: https://conda.anaconda.org/conda-forge/linux-64/libgcc-ng-15.2.0-h69a702a_18.conda
  sha256: e318a711400f536c81123e753d4c797a821021fb38970cebfb3f454126016893
  md5: d5e96b1ed75ca01906b3d2469b4ce493
  depends:
  - libgcc 15.2.0 he0feb66_18
  license: GPL-3.0-only WITH GCC-exception-3.1
  license_family: GPL
  size: 27526
  timestamp: 1771378224552
- conda: https://conda.anaconda.org/conda-forge/linux-64/libgomp-15.2.0-he0feb66_18.conda
  sha256: 21337ab58e5e0649d869ab168d4e609b033509de22521de1bfed0c031bfc5110
  md5: 239c5e9546c38a1e884d69effcf4c882
  depends:
  - __glibc >=2.17,<3.0.a0
  license: GPL-3.0-only WITH GCC-exception-3.1
  license_family: GPL
  size: 603262
  timestamp: 1771378117851
- conda: https://conda.anaconda.org/conda-forge/linux-64/libiconv-1.18-h3b78370_2.conda
  sha256: c467851a7312765447155e071752d7bf9bf44d610a5687e32706f480aad2833f
  md5: 915f5995e94f60e9a4826e0b0920ee88
  depends:
  - __glibc >=2.17,<3.0.a0
  - libgcc >=14
  license: LGPL-2.1-only
  size: 790176
  timestamp: 1754908768807
- conda: https://conda.anaconda.org/conda-forge/osx-arm64/libiconv-1.18-h23cfdf5_2.conda
  sha256: de0336e800b2af9a40bdd694b03870ac4a848161b35c8a2325704f123f185f03
  md5: 4d5a7445f0b25b6a3ddbb56e790f5251
  depends:
  - __osx >=11.0
  license: LGPL-2.1-only
  size: 750379
  timestamp: 1754909073836
- conda: https://conda.anaconda.org/conda-forge/linux-64/libllvm17-17.0.6-ha7bfdaf_3.conda
  sha256: 4fb1d91048b7714c65b01dc8fd5e9ed3fdf7e48c0b2ed390c75dd376cf682316
  md5: ed3e154faccbf6393bf0bc9ea0423dce
  depends:
  - __glibc >=2.17,<3.0.a0
  - libgcc >=13
  - libstdcxx >=13
  - libxml2 >=2.13.5,<2.14.0a0
  - libzlib >=1.3.1,<2.0a0
  - zstd >=1.5.6,<1.6.0a0
  license: Apache-2.0 WITH LLVM-exception
  license_family: Apache
  size: 36562200
  timestamp: 1737805523606
- conda: https://conda.anaconda.org/conda-forge/osx-arm64/libllvm17-17.0.6-hc4b4ae8_3.conda
  sha256: 9b4da9f025bc946f5e1c8c104d7790b1af0c6e87eb03f29dea97fa1639ff83f2
  md5: 2a75227e917a3ec0a064155f1ed11b06
  depends:
  - __osx >=11.0
  - libcxx >=18
  - libxml2 >=2.13.5,<2.14.0a0
  - libzlib >=1.3.1,<2.0a0
  - zstd >=1.5.6,<1.6.0a0
  license: Apache-2.0 WITH LLVM-exception
  license_family: Apache
  size: 24849265
  timestamp: 1737798197048
- conda: https://conda.anaconda.org/conda-forge/linux-64/libllvm21-21.1.0-hecd9e04_0.conda
  sha256: d190f1bf322149321890908a534441ca2213a9a96c59819da6cabf2c5b474115
  md5: 9ad637a7ac380c442be142dfb0b1b955
  depends:
  - __glibc >=2.17,<3.0.a0
  - libgcc >=14
  - libstdcxx >=14
  - libxml2 >=2.13.8,<2.14.0a0
  - libzlib >=1.3.1,<2.0a0
  - zstd >=1.5.7,<1.6.0a0
  license: Apache-2.0 WITH LLVM-exception
  license_family: Apache
  size: 44363060
  timestamp: 1756291822911
- conda: https://conda.anaconda.org/conda-forge/osx-arm64/libllvm21-21.1.0-h846d351_0.conda
  sha256: 4b22efda81b517da3f54dc138fd03a9f9807bdbc8911273777ae0182aab0b115
  md5: a8ec02cc70f4c56b5daaa5be62943065
  depends:
  - __osx >=11.0
  - libcxx >=19
  - libxml2 >=2.13.8,<2.14.0a0
  - libzlib >=1.3.1,<2.0a0
  - zstd >=1.5.7,<1.6.0a0
  license: Apache-2.0 WITH LLVM-exception
  license_family: Apache
  size: 29414704
  timestamp: 1756282753920
- conda: https://conda.anaconda.org/conda-forge/linux-64/liblzma-5.8.2-hb03c661_0.conda
  sha256: 755c55ebab181d678c12e49cced893598f2bab22d582fbbf4d8b83c18be207eb
  md5: c7c83eecbb72d88b940c249af56c8b17
  depends:
  - __glibc >=2.17,<3.0.a0
  - libgcc >=14
  constrains:
  - xz 5.8.2.*
  license: 0BSD
  size: 113207
  timestamp: 1768752626120
- conda: https://conda.anaconda.org/conda-forge/osx-arm64/liblzma-5.8.2-h8088a28_0.conda
  sha256: 7bfc7ffb2d6a9629357a70d4eadeadb6f88fa26ebc28f606b1c1e5e5ed99dc7e
  md5: 009f0d956d7bfb00de86901d16e486c7
  depends:
  - __osx >=11.0
  constrains:
  - xz 5.8.2.*
  license: 0BSD
  size: 92242
  timestamp: 1768752982486
- conda: https://conda.anaconda.org/conda-forge/linux-64/libstdcxx-15.2.0-h934c35e_18.conda
  sha256: 78668020064fdaa27e9ab65cd2997e2c837b564ab26ce3bf0e58a2ce1a525c6e
  md5: 1b08cd684f34175e4514474793d44bcb
  depends:
  - __glibc >=2.17,<3.0.a0
  - libgcc 15.2.0 he0feb66_18
  constrains:
  - libstdcxx-ng ==15.2.0=*_18
  license: GPL-3.0-only WITH GCC-exception-3.1
  license_family: GPL
  size: 5852330
  timestamp: 1771378262446
- conda: https://conda.anaconda.org/conda-forge/linux-64/libstdcxx-ng-15.2.0-hdf11a46_18.conda
  sha256: 3c902ffd673cb3c6ddde624cdb80f870b6c835f8bf28384b0016e7d444dd0145
  md5: 6235adb93d064ecdf3d44faee6f468de
  depends:
  - libstdcxx 15.2.0 h934c35e_18
  license: GPL-3.0-only WITH GCC-exception-3.1
  license_family: GPL
  size: 27575
  timestamp: 1771378314494
- conda: https://conda.anaconda.org/conda-forge/linux-64/libxml2-2.13.9-h04c0eec_0.conda
  sha256: 5d12e993894cb8e9f209e2e6bef9c90fa2b7a339a1f2ab133014b71db81f5d88
  md5: 35eeb0a2add53b1e50218ed230fa6a02
  depends:
  - __glibc >=2.17,<3.0.a0
  - icu >=75.1,<76.0a0
  - libgcc >=14
  - libiconv >=1.18,<2.0a0
  - liblzma >=5.8.1,<6.0a0
  - libzlib >=1.3.1,<2.0a0
  license: MIT
  license_family: MIT
  size: 697033
  timestamp: 1761766011241
- conda: https://conda.anaconda.org/conda-forge/osx-arm64/libxml2-2.13.9-h226d0e7_0.conda
  sha256: aca8cdd79d5cf277e3dd8e79dd3420f962d181a4d1b28b9cfe02fc865ce91fe8
  md5: 42db4d51d9c6ab2d7f6c373b8f3d56fd
  depends:
  - __osx >=11.0
  - libiconv >=1.18,<2.0a0
  - liblzma >=5.8.1,<6.0a0
  - libzlib >=1.3.1,<2.0a0
  constrains:
  - icu <0.0a0
  license: MIT
  license_family: MIT
  size: 581962
  timestamp: 1761766517792
- conda: https://conda.anaconda.org/conda-forge/linux-64/libzlib-1.3.1-hb9d3cd8_2.conda
  sha256: d4bfe88d7cb447768e31650f06257995601f89076080e76df55e3112d4e47dc4
  md5: edb0dca6bc32e4f4789199455a1dbeb8
  depends:
  - __glibc >=2.17,<3.0.a0
  - libgcc >=13
  constrains:
  - zlib 1.3.1 *_2
  license: Zlib
  license_family: Other
  size: 60963
  timestamp: 1727963148474
- conda: https://conda.anaconda.org/conda-forge/osx-arm64/libzlib-1.3.1-h8359307_2.conda
  sha256: ce34669eadaba351cd54910743e6a2261b67009624dbc7daeeafdef93616711b
  md5: 369964e85dc26bfe78f41399b366c435
  depends:
  - __osx >=11.0
  constrains:
  - zlib 1.3.1 *_2
  license: Zlib
  license_family: Other
  size: 46438
  timestamp: 1727963202283
- conda: https://conda.anaconda.org/conda-forge/noarch/sysroot_linux-64-2.28-h4ee821c_9.conda
  sha256: c47299fe37aebb0fcf674b3be588e67e4afb86225be4b0d452c7eb75c086b851
  md5: 13dc3adbc692664cd3beabd216434749
  depends:
  - __glibc >=2.28
  - kernel-headers_linux-64 4.18.0 he073ed8_9
  - tzdata
  license: LGPL-2.0-or-later AND LGPL-2.0-or-later WITH exceptions AND GPL-2.0-or-later
  license_family: GPL
  size: 24008591
  timestamp: 1765578833462
- conda: https://conda.anaconda.org/conda-forge/noarch/tzdata-2025c-hc9c84f9_1.conda
  sha256: 1d30098909076af33a35017eed6f2953af1c769e273a0626a04722ac4acaba3c
  md5: ad659d0a2b3e47e38d829aa8cad2d610
  license: LicenseRef-Public-Domain
  size: 119135
  timestamp: 1767016325805
- conda: https://conda.anaconda.org/conda-forge/linux-64/zstd-1.5.7-hb78ec9c_6.conda
  sha256: 68f0206ca6e98fea941e5717cec780ed2873ffabc0e1ed34428c061e2c6268c7
  md5: 4a13eeac0b5c8e5b8ab496e6c4ddd829
  depends:
  - __glibc >=2.17,<3.0.a0
  - libzlib >=1.3.1,<2.0a0
  license: BSD-3-Clause
  license_family: BSD
  size: 601375
  timestamp: 1764777111296
- conda: https://conda.anaconda.org/conda-forge/osx-arm64/zstd-1.5.7-hbf9d68e_6.conda
  sha256: 9485ba49e8f47d2b597dd399e88f4802e100851b27c21d7525625b0b4025a5d9
  md5: ab136e4c34e97f34fb621d2592a393d8
  depends:
  - __osx >=11.0
  - libzlib >=1.3.1,<2.0a0
  license: BSD-3-Clause
  license_family: BSD
  size: 433413
  timestamp: 1764777166076
